{
  "name": "client",
  "version": "1.0.0",
  "lockfileVersion": 3,
  "requires": true,
  "packages": {
    "": {
      "version": "1.0.0",
      "devDependencies": {
        "@tiddlywiki/mws": "file:../..",
        "@types/tiddlywiki": "file:../../tiddlywiki-types",
        "fflate": "^0.8.2",
        "tw5-typed": "*",
        "typescript": "^5.8.3"
      }
    },
    "../..": {
      "name": "@tiddlywiki/mws",
      "version": "0.0.21",
      "dev": true,
      "hasInstallScript": true,
      "dependencies": {
        "@prisma/adapter-better-sqlite3": "6.7.0-dev.48",
        "@prisma/client": "6.6.0",
        "@serenity-kit/opaque": "^0.8.4",
        "prisma": "6.6.0",
        "prisma-json-types-generator": "^3.3.1"
      },
      "devDependencies": {
        "@types/bytes": "^3.1.5",
        "@types/compression": "^1.8.0",
        "@types/debug": "^4.1.12",
        "@types/mime-types": "^2.1.4",
        "@types/negotiator": "^0.6.3",
        "@types/node": "^22.13.1",
        "@types/send": "^0.17.4",
        "@types/sjcl": "^1.0.34",
        "@types/tiddlywiki": "file:tiddlywiki-types",
        "bytes": "^3.1.2",
        "chalk": "^5.4.1",
        "commander": "13.1.0",
        "compressible": "^2.0.18",
        "compression": "^1.8.0",
        "debug": "^4.4.1",
        "esbuild": "0.25.2",
        "mime-types": "^2.1.35",
        "negotiator": "^1.0.0",
        "send": "^1.2.0",
        "sjcl": "^1.0.8",
        "source-map-support": "^0.5.21",
        "supports-color": "^10.0.0",
        "tiddlywiki": "^5.1.22",
        "try": "^1.0.0-beta.5",
        "tsup": "^8.4.0",
        "typescript": "^5.7.3",
        "uuid": "^11.1.0",
        "vary": "^1.1.2",
        "zod": "^3.24.2",
        "zod-to-ts": "^1.2.0",
        "zod-validation-error": "^3.4.1"
      },
      "engines": {
        "node": ">=18"
      },
      "peerDependencies": {
        "tiddlywiki": "^5.1.22"
      }
    },
    "../../tiddlywiki-types": {
      "name": "@types/tiddlywiki",
      "dev": true
    },
    "node_modules/@tiddlywiki/mws": {
      "resolved": "../..",
      "link": true
    },
    "node_modules/@types/codemirror": {
      "version": "5.60.15",
      "resolved": "https://registry.npmjs.org/@types/codemirror/-/codemirror-5.60.15.tgz",
      "integrity": "sha512-dTOvwEQ+ouKJ/rE9LT1Ue2hmP6H1mZv5+CCnNWu2qtiOe2LQa9lCprEY20HxiDmV/Bxh+dXjywmy5aKvoGjULA==",
      "dev": true,
      "license": "MIT",
      "dependencies": {
        "@types/tern": "*"
      }
    },
    "node_modules/@types/echarts": {
      "version": "4.9.22",
      "resolved": "https://registry.npmjs.org/@types/echarts/-/echarts-4.9.22.tgz",
      "integrity": "sha512-7Fo6XdWpoi8jxkwP7BARUOM7riq8bMhmsCtSG8gzUcJmFhLo387tihoBYS/y5j7jl3PENT5RxeWZdN9RiwO7HQ==",
      "dev": true,
      "license": "MIT",
      "dependencies": {
        "@types/zrender": "*"
      }
    },
    "node_modules/@types/estree": {
      "version": "1.0.7",
      "resolved": "https://registry.npmjs.org/@types/estree/-/estree-1.0.7.tgz",
      "integrity": "sha512-w28IoSUCJpidD/TGviZwwMJckNESJZXFu7NBZ5YJ4mEUnNraUn9Pm8HSZm/jDF1pDWYKspWE7oVphigUPRakIQ==",
      "dev": true,
      "license": "MIT"
    },
    "node_modules/@types/node": {
      "version": "20.17.30",
      "resolved": "https://registry.npmjs.org/@types/node/-/node-20.17.30.tgz",
      "integrity": "sha512-7zf4YyHA+jvBNfVrk2Gtvs6x7E8V+YDW05bNfG2XkWDJfYRXrTiP/DsB2zSYTaHX0bGIujTBQdMVAhb+j7mwpg==",
      "dev": true,
      "license": "MIT",
      "dependencies": {
        "undici-types": "~6.19.2"
      }
    },
    "node_modules/@types/tern": {
      "version": "0.23.9",
      "resolved": "https://registry.npmjs.org/@types/tern/-/tern-0.23.9.tgz",
      "integrity": "sha512-ypzHFE/wBzh+BlH6rrBgS5I/Z7RD21pGhZ2rltb/+ZrVM1awdZwjx7hE5XfuYgHWk9uvV5HLZN3SloevCAp3Bw==",
      "dev": true,
      "license": "MIT",
      "dependencies": {
        "@types/estree": "*"
      }
    },
    "node_modules/@types/tiddlywiki": {
      "resolved": "../../tiddlywiki-types",
      "link": true
    },
    "node_modules/@types/zrender": {
      "version": "4.0.6",
      "resolved": "https://registry.npmjs.org/@types/zrender/-/zrender-4.0.6.tgz",
      "integrity": "sha512-1jZ9bJn2BsfmYFPBHtl5o3uV+ILejAtGrDcYSpT4qaVKEI/0YY+arw3XHU04Ebd8Nca3SQ7uNcLaqiL+tTFVMg==",
      "dev": true,
      "license": "MIT"
    },
    "node_modules/fflate": {
      "version": "0.8.2",
      "resolved": "https://registry.npmjs.org/fflate/-/fflate-0.8.2.tgz",
      "integrity": "sha512-cPJU47OaAoCbg0pBvzsgpTPhmhqI5eJjh/JIu8tPj5q+T7iLvW/JAYUqmE7KOB4R1ZyEhzBaIQpQpardBF5z8A==",
      "dev": true,
      "license": "MIT"
    },
    "node_modules/tw5-typed": {
      "version": "0.6.0",
      "resolved": "https://registry.npmjs.org/tw5-typed/-/tw5-typed-0.6.0.tgz",
      "integrity": "sha512-Mp3yxP0v6+Ja7doPC4ZbXpDcc+Y/WPsEiOvePdvR8PoyAHsOAWuNotnwgsdbPJfNLdHWo9vXBBFvz6T4sa8dfg==",
      "dev": true,
      "license": "MIT",
      "dependencies": {
        "@types/codemirror": "^5.60.15",
        "@types/echarts": "^4.9.22",
        "@types/node": "^20.11.24"
      }
    },
    "node_modules/typescript": {
      "version": "5.8.3",
      "resolved": "https://registry.npmjs.org/typescript/-/typescript-5.8.3.tgz",
      "integrity": "sha512-p1diW6TqL9L07nNxvRMM7hMMw4c5XOo/1ibL4aAIGmSAt9slTE1Xgw5KWuof2uTOvCg9BY7ZRi+GaF+7sfgPeQ==",
      "dev": true,
      "license": "Apache-2.0",
      "bin": {
        "tsc": "bin/tsc",
        "tsserver": "bin/tsserver"
      },
      "engines": {
        "node": ">=14.17"
      }
    },
    "node_modules/undici-types": {
      "version": "6.19.8",
      "resolved": "https://registry.npmjs.org/undici-types/-/undici-types-6.19.8.tgz",
      "integrity": "sha512-ve2KP6f/JnbPBFyobGHuerC9g1FYGn/F8n1LWTwNxCEzd6IfqTwUQcNXgEtmmQ6DlRrC1hrSrBnCZPokRrDHjw==",
      "dev": true,
      "license": "MIT"
    },
    "tiddlywiki-types": {
      "extraneous": true
    }
  }
}
