{
  "name": "client",
  "version": "1.0.0",
  "lockfileVersion": 3,
  "requires": true,
  "packages": {
    "": {
      "version": "1.0.0"
    },
    "../..": {
      "name": "@tiddlywiki/mws",
      "version": "0.0.0",
      "extraneous": true,
      "hasInstallScript": true,
      "dependencies": {
        "@prisma/client": "^6.6.0"
      },
      "devDependencies": {
        "prisma": "6.6.0",
        "prisma-json-types-generator": "~3.3.1",
        "tsup": "^8.5.0",
        "typescript": "^5.8.3"
      },
      "engines": {
        "node": ">=18"
      }
    },
    "../../packages/mws": {
      "name": "@tiddlywiki/mws",
      "extraneous": true,
      "dependencies": {
        "@prisma/adapter-better-sqlite3": "6.7.0-dev.48",
        "@prisma/client": "6.6.0",
        "@serenity-kit/opaque": "^0.8.4",
        "prisma": "6.6.0",
        "prisma-json-types-generator": "~3.3.1"
      },
      "devDependencies": {
        "@types/better-sqlite3": "^7.6.13",
        "@types/debug": "^4.1.12",
        "@types/tiddlywiki": "file:../tiddlywiki-types",
        "debug": "^4.4.1",
        "esbuild": "0.25.2",
        "source-map-support": "^0.5.21",
        "supports-color": "^10.0.0",
        "tiddlywiki": "^5.1.22",
        "try": "^1.0.0-beta.5",
        "uuid": "^11.1.0"
      },
      "peerDependencies": {
        "tiddlywiki": "^5.1.22"
      }
    },
    "../../packages/tiddlywiki-types": {
      "name": "@types/tiddlywiki",
      "extraneous": true
    },
    "../../tiddlywiki-types": {
      "name": "@types/tiddlywiki",
      "extraneous": true
    },
    "tiddlywiki-types": {
      "extraneous": true
    }
  }
}
